{
  "name": "2018-conferences",
  "version": "0.0.0",
  "lockfileVersion": 1,
  "requires": true,
  "dependencies": {
    "i": {
      "version": "0.3.7",
      "resolved": "https://registry.npmjs.org/i/-/i-0.3.7.tgz",
      "integrity": "sha512-FYz4wlXgkQwIPqhzC5TdNMLSE5+GS1IIDJZY/1ZiEPCT2S3COUVZeT5OW4BmW4r5LHLQuOosSwsvnroG9GR59Q=="
    },
    "ical-generator": {
      "version": "0.2.10",
      "resolved": "https://registry.npmjs.org/ical-generator/-/ical-generator-0.2.10.tgz",
      "integrity": "sha512-q4TRRGIaG8McNeZRx9sF120vxVuZbPSAMiwn9GgI9+iRrrtUsLZnVUAO7dPP7XSXt+yrrrxP2LbQ+KEnUC6+JQ=="
    }
  }
}
