{
  "name": "2018-conferences",
  "version": "0.0.0",
  "lockfileVersion": 1,
  "requires": true,
  "dependencies": {
    "i": {
      "version": "0.3.6",
      "resolved": "https://registry.npmjs.org/i/-/i-0.3.6.tgz",
      "integrity": "sha1-2WyScyB28HJxG2sQ/X1PZa2O4j0="
    },
    "ical-generator": {
      "version": "0.2.10",
      "resolved": "https://registry.npmjs.org/ical-generator/-/ical-generator-0.2.10.tgz",
      "integrity": "sha512-q4TRRGIaG8McNeZRx9sF120vxVuZbPSAMiwn9GgI9+iRrrtUsLZnVUAO7dPP7XSXt+yrrrxP2LbQ+KEnUC6+JQ=="
    }
  }
}
